{
  "name": "git-fancy-status",
  "version": "1.0.0",
  "lockfileVersion": 1,
  "requires": true,
  "dependencies": {
    "bash-minifier": {
      "version": "0.1.3",
      "resolved": "https://registry.npmjs.org/bash-minifier/-/bash-minifier-0.1.3.tgz",
      "integrity": "sha512-xFYEI8Ko8Sf3mqUV01flL1+63/cQgkbQEhkl8TKBmUCssOO76nEkSHHI8p8pjsRbNdH0Ckncb7HpLzzFqDx6fg==",
      "dev": true
    }
  }
}
